
Microsoft Visual Studio Solution File, Format Version 12.00
# Visual Studio 15
VisualStudioVersion = 15.0.28307.1062
MinimumVisualStudioVersion = 10.0.40219.1
Project("{FAE04EC0-301F-11D3-BF4B-00C04F79EFBC}") = "InventoryMobileApp.Android", "InventoryMobileApp\InventoryMobileApp.Android\InventoryMobileApp.Android.csproj", "{6BD1BEF6-1206-4A32-AE42-6EC88D833164}"
EndProject
Project("{FAE04EC0-301F-11D3-BF4B-00C04F79EFBC}") = "InventoryMobileApp.iOS", "InventoryMobileApp\InventoryMobileApp.iOS\InventoryMobileApp.iOS.csproj", "{D3D1E0E2-0641-416A-9D1F-4F12BF857C74}"
EndProject
Project("{FAE04EC0-301F-11D3-BF4B-00C04F79EFBC}") = "InventoryMobileApp.UWP", "InventoryMobileApp\InventoryMobileApp.UWP\InventoryMobileApp.UWP.csproj", "{52FC48A3-251B-4DC1-96EA-516A46384A04}"
EndProject
Project("{9A19103F-16F7-4668-BE54-9A1E7A4F7556}") = "InventoryMobileApp", "InventoryMobileApp\InventoryMobileApp\InventoryMobileApp.csproj", "{C06C1682-1B01-4BA2-820E-09954F4BEA58}"
EndProject
Global
	GlobalSection(SolutionConfigurationPlatforms) = preSolution
		Ad-Hoc|Any CPU = Ad-Hoc|Any CPU
		Ad-Hoc|ARM = Ad-Hoc|ARM
		Ad-Hoc|iPhone = Ad-Hoc|iPhone
		Ad-Hoc|iPhoneSimulator = Ad-Hoc|iPhoneSimulator
		Ad-Hoc|x64 = Ad-Hoc|x64
		Ad-Hoc|x86 = Ad-Hoc|x86
		AppStore|Any CPU = AppStore|Any CPU
		AppStore|ARM = AppStore|ARM
		AppStore|iPhone = AppStore|iPhone
		AppStore|iPhoneSimulator = AppStore|iPhoneSimulator
		AppStore|x64 = AppStore|x64
		AppStore|x86 = AppStore|x86
		Debug|Any CPU = Debug|Any CPU
		Debug|ARM = Debug|ARM
		Debug|iPhone = Debug|iPhone
		Debug|iPhoneSimulator = Debug|iPhoneSimulator
		Debug|x64 = Debug|x64
		Debug|x86 = Debug|x86
		Release|Any CPU = Release|Any CPU
		Release|ARM = Release|ARM
		Release|iPhone = Release|iPhone
		Release|iPhoneSimulator = Release|iPhoneSimulator
		Release|x64 = Release|x64
		Release|x86 = Release|x86
	EndGlobalSection
	GlobalSection(ProjectConfigurationPlatforms) = postSolution
		{6BD1BEF6-1206-4A32-AE42-6EC88D833164}.Ad-Hoc|Any CPU.ActiveCfg = Release|Any CPU
		{6BD1BEF6-1206-4A32-AE42-6EC88D833164}.Ad-Hoc|Any CPU.Build.0 = Release|Any CPU
		{6BD1BEF6-1206-4A32-AE42-6EC88D833164}.Ad-Hoc|Any CPU.Deploy.0 = Release|Any CPU
		{6BD1BEF6-1206-4A32-AE42-6EC88D833164}.Ad-Hoc|ARM.ActiveCfg = Release|Any CPU
		{6BD1BEF6-1206-4A32-AE42-6EC88D833164}.Ad-Hoc|ARM.Build.0 = Release|Any CPU
		{6BD1BEF6-1206-4A32-AE42-6EC88D833164}.Ad-Hoc|ARM.Deploy.0 = Release|Any CPU
		{6BD1BEF6-1206-4A32-AE42-6EC88D833164}.Ad-Hoc|iPhone.ActiveCfg = Release|Any CPU
		{6BD1BEF6-1206-4A32-AE42-6EC88D833164}.Ad-Hoc|iPhone.Build.0 = Release|Any CPU
		{6BD1BEF6-1206-4A32-AE42-6EC88D833164}.Ad-Hoc|iPhone.Deploy.0 = Release|Any CPU
		{6BD1BEF6-1206-4A32-AE42-6EC88D833164}.Ad-Hoc|iPhoneSimulator.ActiveCfg = Release|Any CPU
		{6BD1BEF6-1206-4A32-AE42-6EC88D833164}.Ad-Hoc|iPhoneSimulator.Build.0 = Release|Any CPU
		{6BD1BEF6-1206-4A32-AE42-6EC88D833164}.Ad-Hoc|iPhoneSimulator.Deploy.0 = Release|Any CPU
		{6BD1BEF6-1206-4A32-AE42-6EC88D833164}.Ad-Hoc|x64.ActiveCfg = Release|Any CPU
		{6BD1BEF6-1206-4A32-AE42-6EC88D833164}.Ad-Hoc|x64.Build.0 = Release|Any CPU
		{6BD1BEF6-1206-4A32-AE42-6EC88D833164}.Ad-Hoc|x64.Deploy.0 = Release|Any CPU
		{6BD1BEF6-1206-4A32-AE42-6EC88D833164}.Ad-Hoc|x86.ActiveCfg = Release|Any CPU
		{6BD1BEF6-1206-4A32-AE42-6EC88D833164}.Ad-Hoc|x86.Build.0 = Release|Any CPU
		{6BD1BEF6-1206-4A32-AE42-6EC88D833164}.Ad-Hoc|x86.Deploy.0 = Release|Any CPU
		{6BD1BEF6-1206-4A32-AE42-6EC88D833164}.AppStore|Any CPU.ActiveCfg = Release|Any CPU
		{6BD1BEF6-1206-4A32-AE42-6EC88D833164}.AppStore|Any CPU.Build.0 = Release|Any CPU
		{6BD1BEF6-1206-4A32-AE42-6EC88D833164}.AppStore|Any CPU.Deploy.0 = Release|Any CPU
		{6BD1BEF6-1206-4A32-AE42-6EC88D833164}.AppStore|ARM.ActiveCfg = Release|Any CPU
		{6BD1BEF6-1206-4A32-AE42-6EC88D833164}.AppStore|ARM.Build.0 = Release|Any CPU
		{6BD1BEF6-1206-4A32-AE42-6EC88D833164}.AppStore|ARM.Deploy.0 = Release|Any CPU
		{6BD1BEF6-1206-4A32-AE42-6EC88D833164}.AppStore|iPhone.ActiveCfg = Release|Any CPU
		{6BD1BEF6-1206-4A32-AE42-6EC88D833164}.AppStore|iPhone.Build.0 = Release|Any CPU
		{6BD1BEF6-1206-4A32-AE42-6EC88D833164}.AppStore|iPhone.Deploy.0 = Release|Any CPU
		{6BD1BEF6-1206-4A32-AE42-6EC88D833164}.AppStore|iPhoneSimulator.ActiveCfg = Release|Any CPU
		{6BD1BEF6-1206-4A32-AE42-6EC88D833164}.AppStore|iPhoneSimulator.Build.0 = Release|Any CPU
		{6BD1BEF6-1206-4A32-AE42-6EC88D833164}.AppStore|iPhoneSimulator.Deploy.0 = Release|Any CPU
		{6BD1BEF6-1206-4A32-AE42-6EC88D833164}.AppStore|x64.ActiveCfg = Release|Any CPU
		{6BD1BEF6-1206-4A32-AE42-6EC88D833164}.AppStore|x64.Build.0 = Release|Any CPU
		{6BD1BEF6-1206-4A32-AE42-6EC88D833164}.AppStore|x64.Deploy.0 = Release|Any CPU
		{6BD1BEF6-1206-4A32-AE42-6EC88D833164}.AppStore|x86.ActiveCfg = Release|Any CPU
		{6BD1BEF6-1206-4A32-AE42-6EC88D833164}.AppStore|x86.Build.0 = Release|Any CPU
		{6BD1BEF6-1206-4A32-AE42-6EC88D833164}.AppStore|x86.Deploy.0 = Release|Any CPU
		{6BD1BEF6-1206-4A32-AE42-6EC88D833164}.Debug|Any CPU.ActiveCfg = Debug|Any CPU
		{6BD1BEF6-1206-4A32-AE42-6EC88D833164}.Debug|Any CPU.Build.0 = Debug|Any CPU
		{6BD1BEF6-1206-4A32-AE42-6EC88D833164}.Debug|Any CPU.Deploy.0 = Debug|Any CPU
		{6BD1BEF6-1206-4A32-AE42-6EC88D833164}.Debug|ARM.ActiveCfg = Debug|Any CPU
		{6BD1BEF6-1206-4A32-AE42-6EC88D833164}.Debug|ARM.Build.0 = Debug|Any CPU
		{6BD1BEF6-1206-4A32-AE42-6EC88D833164}.Debug|ARM.Deploy.0 = Debug|Any CPU
		{6BD1BEF6-1206-4A32-AE42-6EC88D833164}.Debug|iPhone.ActiveCfg = Debug|Any CPU
		{6BD1BEF6-1206-4A32-AE42-6EC88D833164}.Debug|iPhone.Build.0 = Debug|Any CPU
		{6BD1BEF6-1206-4A32-AE42-6EC88D833164}.Debug|iPhone.Deploy.0 = Debug|Any CPU
		{6BD1BEF6-1206-4A32-AE42-6EC88D833164}.Debug|iPhoneSimulator.ActiveCfg = Debug|Any CPU
		{6BD1BEF6-1206-4A32-AE42-6EC88D833164}.Debug|iPhoneSimulator.Build.0 = Debug|Any CPU
		{6BD1BEF6-1206-4A32-AE42-6EC88D833164}.Debug|iPhoneSimulator.Deploy.0 = Debug|Any CPU
		{6BD1BEF6-1206-4A32-AE42-6EC88D833164}.Debug|x64.ActiveCfg = Debug|Any CPU
		{6BD1BEF6-1206-4A32-AE42-6EC88D833164}.Debug|x64.Build.0 = Debug|Any CPU
		{6BD1BEF6-1206-4A32-AE42-6EC88D833164}.Debug|x64.Deploy.0 = Debug|Any CPU
		{6BD1BEF6-1206-4A32-AE42-6EC88D833164}.Debug|x86.ActiveCfg = Debug|Any CPU
		{6BD1BEF6-1206-4A32-AE42-6EC88D833164}.Debug|x86.Build.0 = Debug|Any CPU
		{6BD1BEF6-1206-4A32-AE42-6EC88D833164}.Debug|x86.Deploy.0 = Debug|Any CPU
		{6BD1BEF6-1206-4A32-AE42-6EC88D833164}.Release|Any CPU.ActiveCfg = Release|Any CPU
		{6BD1BEF6-1206-4A32-AE42-6EC88D833164}.Release|Any CPU.Build.0 = Release|Any CPU
		{6BD1BEF6-1206-4A32-AE42-6EC88D833164}.Release|Any CPU.Deploy.0 = Release|Any CPU
		{6BD1BEF6-1206-4A32-AE42-6EC88D833164}.Release|ARM.ActiveCfg = Release|Any CPU
		{6BD1BEF6-1206-4A32-AE42-6EC88D833164}.Release|ARM.Build.0 = Release|Any CPU
		{6BD1BEF6-1206-4A32-AE42-6EC88D833164}.Release|ARM.Deploy.0 = Release|Any CPU
		{6BD1BEF6-1206-4A32-AE42-6EC88D833164}.Release|iPhone.ActiveCfg = Release|Any CPU
		{6BD1BEF6-1206-4A32-AE42-6EC88D833164}.Release|iPhone.Build.0 = Release|Any CPU
		{6BD1BEF6-1206-4A32-AE42-6EC88D833164}.Release|iPhone.Deploy.0 = Release|Any CPU
		{6BD1BEF6-1206-4A32-AE42-6EC88D833164}.Release|iPhoneSimulator.ActiveCfg = Release|Any CPU
		{6BD1BEF6-1206-4A32-AE42-6EC88D833164}.Release|iPhoneSimulator.Build.0 = Release|Any CPU
		{6BD1BEF6-1206-4A32-AE42-6EC88D833164}.Release|iPhoneSimulator.Deploy.0 = Release|Any CPU
		{6BD1BEF6-1206-4A32-AE42-6EC88D833164}.Release|x64.ActiveCfg = Release|Any CPU
		{6BD1BEF6-1206-4A32-AE42-6EC88D833164}.Release|x64.Build.0 = Release|Any CPU
		{6BD1BEF6-1206-4A32-AE42-6EC88D833164}.Release|x64.Deploy.0 = Release|Any CPU
		{6BD1BEF6-1206-4A32-AE42-6EC88D833164}.Release|x86.ActiveCfg = Release|Any CPU
		{6BD1BEF6-1206-4A32-AE42-6EC88D833164}.Release|x86.Build.0 = Release|Any CPU
		{6BD1BEF6-1206-4A32-AE42-6EC88D833164}.Release|x86.Deploy.0 = Release|Any CPU
		{D3D1E0E2-0641-416A-9D1F-4F12BF857C74}.Ad-Hoc|Any CPU.ActiveCfg = Ad-Hoc|iPhone
		{D3D1E0E2-0641-416A-9D1F-4F12BF857C74}.Ad-Hoc|Any CPU.Build.0 = Ad-Hoc|iPhone
		{D3D1E0E2-0641-416A-9D1F-4F12BF857C74}.Ad-Hoc|Any CPU.Deploy.0 = Ad-Hoc|iPhone
		{D3D1E0E2-0641-416A-9D1F-4F12BF857C74}.Ad-Hoc|ARM.ActiveCfg = Ad-Hoc|iPhone
		{D3D1E0E2-0641-416A-9D1F-4F12BF857C74}.Ad-Hoc|ARM.Build.0 = Ad-Hoc|iPhone
		{D3D1E0E2-0641-416A-9D1F-4F12BF857C74}.Ad-Hoc|ARM.Deploy.0 = Ad-Hoc|iPhone
		{D3D1E0E2-0641-416A-9D1F-4F12BF857C74}.Ad-Hoc|iPhone.ActiveCfg = Ad-Hoc|iPhone
		{D3D1E0E2-0641-416A-9D1F-4F12BF857C74}.Ad-Hoc|iPhone.Build.0 = Ad-Hoc|iPhone
		{D3D1E0E2-0641-416A-9D1F-4F12BF857C74}.Ad-Hoc|iPhone.Deploy.0 = Ad-Hoc|iPhone
		{D3D1E0E2-0641-416A-9D1F-4F12BF857C74}.Ad-Hoc|iPhoneSimulator.ActiveCfg = Ad-Hoc|iPhoneSimulator
		{D3D1E0E2-0641-416A-9D1F-4F12BF857C74}.Ad-Hoc|iPhoneSimulator.Build.0 = Ad-Hoc|iPhoneSimulator
		{D3D1E0E2-0641-416A-9D1F-4F12BF857C74}.Ad-Hoc|iPhoneSimulator.Deploy.0 = Ad-Hoc|iPhoneSimulator
		{D3D1E0E2-0641-416A-9D1F-4F12BF857C74}.Ad-Hoc|x64.ActiveCfg = Ad-Hoc|iPhone
		{D3D1E0E2-0641-416A-9D1F-4F12BF857C74}.Ad-Hoc|x64.Build.0 = Ad-Hoc|iPhone
		{D3D1E0E2-0641-416A-9D1F-4F12BF857C74}.Ad-Hoc|x64.Deploy.0 = Ad-Hoc|iPhone
		{D3D1E0E2-0641-416A-9D1F-4F12BF857C74}.Ad-Hoc|x86.ActiveCfg = Ad-Hoc|iPhone
		{D3D1E0E2-0641-416A-9D1F-4F12BF857C74}.Ad-Hoc|x86.Build.0 = Ad-Hoc|iPhone
		{D3D1E0E2-0641-416A-9D1F-4F12BF857C74}.Ad-Hoc|x86.Deploy.0 = Ad-Hoc|iPhone
		{D3D1E0E2-0641-416A-9D1F-4F12BF857C74}.AppStore|Any CPU.ActiveCfg = AppStore|iPhone
		{D3D1E0E2-0641-416A-9D1F-4F12BF857C74}.AppStore|Any CPU.Build.0 = AppStore|iPhone
		{D3D1E0E2-0641-416A-9D1F-4F12BF857C74}.AppStore|Any CPU.Deploy.0 = AppStore|iPhone
		{D3D1E0E2-0641-416A-9D1F-4F12BF857C74}.AppStore|ARM.ActiveCfg = AppStore|iPhone
		{D3D1E0E2-0641-416A-9D1F-4F12BF857C74}.AppStore|ARM.Build.0 = AppStore|iPhone
		{D3D1E0E2-0641-416A-9D1F-4F12BF857C74}.AppStore|ARM.Deploy.0 = AppStore|iPhone
		{D3D1E0E2-0641-416A-9D1F-4F12BF857C74}.AppStore|iPhone.ActiveCfg = AppStore|iPhone
		{D3D1E0E2-0641-416A-9D1F-4F12BF857C74}.AppStore|iPhone.Build.0 = AppStore|iPhone
		{D3D1E0E2-0641-416A-9D1F-4F12BF857C74}.AppStore|iPhone.Deploy.0 = AppStore|iPhone
		{D3D1E0E2-0641-416A-9D1F-4F12BF857C74}.AppStore|iPhoneSimulator.ActiveCfg = AppStore|iPhoneSimulator
		{D3D1E0E2-0641-416A-9D1F-4F12BF857C74}.AppStore|iPhoneSimulator.Build.0 = AppStore|iPhoneSimulator
		{D3D1E0E2-0641-416A-9D1F-4F12BF857C74}.AppStore|iPhoneSimulator.Deploy.0 = AppStore|iPhoneSimulator
		{D3D1E0E2-0641-416A-9D1F-4F12BF857C74}.AppStore|x64.ActiveCfg = AppStore|iPhone
		{D3D1E0E2-0641-416A-9D1F-4F12BF857C74}.AppStore|x64.Build.0 = AppStore|iPhone
		{D3D1E0E2-0641-416A-9D1F-4F12BF857C74}.AppStore|x64.Deploy.0 = AppStore|iPhone
		{D3D1E0E2-0641-416A-9D1F-4F12BF857C74}.AppStore|x86.ActiveCfg = AppStore|iPhone
		{D3D1E0E2-0641-416A-9D1F-4F12BF857C74}.AppStore|x86.Build.0 = AppStore|iPhone
		{D3D1E0E2-0641-416A-9D1F-4F12BF857C74}.AppStore|x86.Deploy.0 = AppStore|iPhone
		{D3D1E0E2-0641-416A-9D1F-4F12BF857C74}.Debug|Any CPU.ActiveCfg = Debug|iPhoneSimulator
		{D3D1E0E2-0641-416A-9D1F-4F12BF857C74}.Debug|Any CPU.Build.0 = Debug|iPhoneSimulator
		{D3D1E0E2-0641-416A-9D1F-4F12BF857C74}.Debug|Any CPU.Deploy.0 = Debug|iPhoneSimulator
		{D3D1E0E2-0641-416A-9D1F-4F12BF857C74}.Debug|ARM.ActiveCfg = Debug|iPhone
		{D3D1E0E2-0641-416A-9D1F-4F12BF857C74}.Debug|ARM.Build.0 = Debug|iPhone
		{D3D1E0E2-0641-416A-9D1F-4F12BF857C74}.Debug|ARM.Deploy.0 = Debug|iPhone
		{D3D1E0E2-0641-416A-9D1F-4F12BF857C74}.Debug|iPhone.ActiveCfg = Debug|iPhone
		{D3D1E0E2-0641-416A-9D1F-4F12BF857C74}.Debug|iPhone.Build.0 = Debug|iPhone
		{D3D1E0E2-0641-416A-9D1F-4F12BF857C74}.Debug|iPhone.Deploy.0 = Debug|iPhone
		{D3D1E0E2-0641-416A-9D1F-4F12BF857C74}.Debug|iPhoneSimulator.ActiveCfg = Debug|iPhoneSimulator
		{D3D1E0E2-0641-416A-9D1F-4F12BF857C74}.Debug|iPhoneSimulator.Build.0 = Debug|iPhoneSimulator
		{D3D1E0E2-0641-416A-9D1F-4F12BF857C74}.Debug|iPhoneSimulator.Deploy.0 = Debug|iPhoneSimulator
		{D3D1E0E2-0641-416A-9D1F-4F12BF857C74}.Debug|x64.ActiveCfg = Debug|iPhone
		{D3D1E0E2-0641-416A-9D1F-4F12BF857C74}.Debug|x64.Build.0 = Debug|iPhone
		{D3D1E0E2-0641-416A-9D1F-4F12BF857C74}.Debug|x64.Deploy.0 = Debug|iPhone
		{D3D1E0E2-0641-416A-9D1F-4F12BF857C74}.Debug|x86.ActiveCfg = Debug|iPhone
		{D3D1E0E2-0641-416A-9D1F-4F12BF857C74}.Debug|x86.Build.0 = Debug|iPhone
		{D3D1E0E2-0641-416A-9D1F-4F12BF857C74}.Debug|x86.Deploy.0 = Debug|iPhone
		{D3D1E0E2-0641-416A-9D1F-4F12BF857C74}.Release|Any CPU.ActiveCfg = Release|iPhone
		{D3D1E0E2-0641-416A-9D1F-4F12BF857C74}.Release|Any CPU.Build.0 = Release|iPhone
		{D3D1E0E2-0641-416A-9D1F-4F12BF857C74}.Release|Any CPU.Deploy.0 = Release|iPhone
		{D3D1E0E2-0641-416A-9D1F-4F12BF857C74}.Release|ARM.ActiveCfg = Release|iPhone
		{D3D1E0E2-0641-416A-9D1F-4F12BF857C74}.Release|ARM.Build.0 = Release|iPhone
		{D3D1E0E2-0641-416A-9D1F-4F12BF857C74}.Release|ARM.Deploy.0 = Release|iPhone
		{D3D1E0E2-0641-416A-9D1F-4F12BF857C74}.Release|iPhone.ActiveCfg = Release|iPhone
		{D3D1E0E2-0641-416A-9D1F-4F12BF857C74}.Release|iPhone.Build.0 = Release|iPhone
		{D3D1E0E2-0641-416A-9D1F-4F12BF857C74}.Release|iPhone.Deploy.0 = Release|iPhone
		{D3D1E0E2-0641-416A-9D1F-4F12BF857C74}.Release|iPhoneSimulator.ActiveCfg = Release|iPhoneSimulator
		{D3D1E0E2-0641-416A-9D1F-4F12BF857C74}.Release|iPhoneSimulator.Build.0 = Release|iPhoneSimulator
		{D3D1E0E2-0641-416A-9D1F-4F12BF857C74}.Release|iPhoneSimulator.Deploy.0 = Release|iPhoneSimulator
		{D3D1E0E2-0641-416A-9D1F-4F12BF857C74}.Release|x64.ActiveCfg = Release|iPhone
		{D3D1E0E2-0641-416A-9D1F-4F12BF857C74}.Release|x64.Build.0 = Release|iPhone
		{D3D1E0E2-0641-416A-9D1F-4F12BF857C74}.Release|x64.Deploy.0 = Release|iPhone
		{D3D1E0E2-0641-416A-9D1F-4F12BF857C74}.Release|x86.ActiveCfg = Release|iPhone
		{D3D1E0E2-0641-416A-9D1F-4F12BF857C74}.Release|x86.Build.0 = Release|iPhone
		{D3D1E0E2-0641-416A-9D1F-4F12BF857C74}.Release|x86.Deploy.0 = Release|iPhone
		{52FC48A3-251B-4DC1-96EA-516A46384A04}.Ad-Hoc|Any CPU.ActiveCfg = Release|x86
		{52FC48A3-251B-4DC1-96EA-516A46384A04}.Ad-Hoc|Any CPU.Build.0 = Release|x86
		{52FC48A3-251B-4DC1-96EA-516A46384A04}.Ad-Hoc|Any CPU.Deploy.0 = Release|x86
		{52FC48A3-251B-4DC1-96EA-516A46384A04}.Ad-Hoc|ARM.ActiveCfg = Release|ARM
		{52FC48A3-251B-4DC1-96EA-516A46384A04}.Ad-Hoc|ARM.Build.0 = Release|ARM
		{52FC48A3-251B-4DC1-96EA-516A46384A04}.Ad-Hoc|ARM.Deploy.0 = Release|ARM
		{52FC48A3-251B-4DC1-96EA-516A46384A04}.Ad-Hoc|iPhone.ActiveCfg = Release|x86
		{52FC48A3-251B-4DC1-96EA-516A46384A04}.Ad-Hoc|iPhone.Build.0 = Release|x86
		{52FC48A3-251B-4DC1-96EA-516A46384A04}.Ad-Hoc|iPhone.Deploy.0 = Release|x86
		{52FC48A3-251B-4DC1-96EA-516A46384A04}.Ad-Hoc|iPhoneSimulator.ActiveCfg = Release|x86
		{52FC48A3-251B-4DC1-96EA-516A46384A04}.Ad-Hoc|iPhoneSimulator.Build.0 = Release|x86
		{52FC48A3-251B-4DC1-96EA-516A46384A04}.Ad-Hoc|iPhoneSimulator.Deploy.0 = Release|x86
		{52FC48A3-251B-4DC1-96EA-516A46384A04}.Ad-Hoc|x64.ActiveCfg = Release|x64
		{52FC48A3-251B-4DC1-96EA-516A46384A04}.Ad-Hoc|x64.Build.0 = Release|x64
		{52FC48A3-251B-4DC1-96EA-516A46384A04}.Ad-Hoc|x64.Deploy.0 = Release|x64
		{52FC48A3-251B-4DC1-96EA-516A46384A04}.Ad-Hoc|x86.ActiveCfg = Release|x86
		{52FC48A3-251B-4DC1-96EA-516A46384A04}.Ad-Hoc|x86.Build.0 = Release|x86
		{52FC48A3-251B-4DC1-96EA-516A46384A04}.Ad-Hoc|x86.Deploy.0 = Release|x86
		{52FC48A3-251B-4DC1-96EA-516A46384A04}.AppStore|Any CPU.ActiveCfg = Release|x86
		{52FC48A3-251B-4DC1-96EA-516A46384A04}.AppStore|Any CPU.Build.0 = Release|x86
		{52FC48A3-251B-4DC1-96EA-516A46384A04}.AppStore|Any CPU.Deploy.0 = Release|x86
		{52FC48A3-251B-4DC1-96EA-516A46384A04}.AppStore|ARM.ActiveCfg = Release|ARM
		{52FC48A3-251B-4DC1-96EA-516A46384A04}.AppStore|ARM.Build.0 = Release|ARM
		{52FC48A3-251B-4DC1-96EA-516A46384A04}.AppStore|ARM.Deploy.0 = Release|ARM
		{52FC48A3-251B-4DC1-96EA-516A46384A04}.AppStore|iPhone.ActiveCfg = Release|x86
		{52FC48A3-251B-4DC1-96EA-516A46384A04}.AppStore|iPhone.Build.0 = Release|x86
		{52FC48A3-251B-4DC1-96EA-516A46384A04}.AppStore|iPhone.Deploy.0 = Release|x86
		{52FC48A3-251B-4DC1-96EA-516A46384A04}.AppStore|iPhoneSimulator.ActiveCfg = Release|x86
		{52FC48A3-251B-4DC1-96EA-516A46384A04}.AppStore|iPhoneSimulator.Build.0 = Release|x86
		{52FC48A3-251B-4DC1-96EA-516A46384A04}.AppStore|iPhoneSimulator.Deploy.0 = Release|x86
		{52FC48A3-251B-4DC1-96EA-516A46384A04}.AppStore|x64.ActiveCfg = Release|x64
		{52FC48A3-251B-4DC1-96EA-516A46384A04}.AppStore|x64.Build.0 = Release|x64
		{52FC48A3-251B-4DC1-96EA-516A46384A04}.AppStore|x64.Deploy.0 = Release|x64
		{52FC48A3-251B-4DC1-96EA-516A46384A04}.AppStore|x86.ActiveCfg = Release|x86
		{52FC48A3-251B-4DC1-96EA-516A46384A04}.AppStore|x86.Build.0 = Release|x86
		{52FC48A3-251B-4DC1-96EA-516A46384A04}.AppStore|x86.Deploy.0 = Release|x86
		{52FC48A3-251B-4DC1-96EA-516A46384A04}.Debug|Any CPU.ActiveCfg = Debug|x86
		{52FC48A3-251B-4DC1-96EA-516A46384A04}.Debug|Any CPU.Build.0 = Debug|x86
		{52FC48A3-251B-4DC1-96EA-516A46384A04}.Debug|Any CPU.Deploy.0 = Debug|x86
		{52FC48A3-251B-4DC1-96EA-516A46384A04}.Debug|ARM.ActiveCfg = Debug|ARM
		{52FC48A3-251B-4DC1-96EA-516A46384A04}.Debug|ARM.Build.0 = Debug|ARM
		{52FC48A3-251B-4DC1-96EA-516A46384A04}.Debug|ARM.Deploy.0 = Debug|ARM
		{52FC48A3-251B-4DC1-96EA-516A46384A04}.Debug|iPhone.ActiveCfg = Debug|x86
		{52FC48A3-251B-4DC1-96EA-516A46384A04}.Debug|iPhone.Build.0 = Debug|x86
		{52FC48A3-251B-4DC1-96EA-516A46384A04}.Debug|iPhone.Deploy.0 = Debug|x86
		{52FC48A3-251B-4DC1-96EA-516A46384A04}.Debug|iPhoneSimulator.ActiveCfg = Debug|x86
		{52FC48A3-251B-4DC1-96EA-516A46384A04}.Debug|iPhoneSimulator.Build.0 = Debug|x86
		{52FC48A3-251B-4DC1-96EA-516A46384A04}.Debug|iPhoneSimulator.Deploy.0 = Debug|x86
		{52FC48A3-251B-4DC1-96EA-516A46384A04}.Debug|x64.ActiveCfg = Debug|x64
		{52FC48A3-251B-4DC1-96EA-516A46384A04}.Debug|x64.Build.0 = Debug|x64
		{52FC48A3-251B-4DC1-96EA-516A46384A04}.Debug|x64.Deploy.0 = Debug|x64
		{52FC48A3-251B-4DC1-96EA-516A46384A04}.Debug|x86.ActiveCfg = Debug|x86
		{52FC48A3-251B-4DC1-96EA-516A46384A04}.Debug|x86.Build.0 = Debug|x86
		{52FC48A3-251B-4DC1-96EA-516A46384A04}.Debug|x86.Deploy.0 = Debug|x86
		{52FC48A3-251B-4DC1-96EA-516A46384A04}.Release|Any CPU.ActiveCfg = Release|x86
		{52FC48A3-251B-4DC1-96EA-516A46384A04}.Release|Any CPU.Build.0 = Release|x86
		{52FC48A3-251B-4DC1-96EA-516A46384A04}.Release|Any CPU.Deploy.0 = Release|x86
		{52FC48A3-251B-4DC1-96EA-516A46384A04}.Release|ARM.ActiveCfg = Release|ARM
		{52FC48A3-251B-4DC1-96EA-516A46384A04}.Release|ARM.Build.0 = Release|ARM
		{52FC48A3-251B-4DC1-96EA-516A46384A04}.Release|ARM.Deploy.0 = Release|ARM
		{52FC48A3-251B-4DC1-96EA-516A46384A04}.Release|iPhone.ActiveCfg = Release|x86
		{52FC48A3-251B-4DC1-96EA-516A46384A04}.Release|iPhone.Build.0 = Release|x86
		{52FC48A3-251B-4DC1-96EA-516A46384A04}.Release|iPhone.Deploy.0 = Release|x86
		{52FC48A3-251B-4DC1-96EA-516A46384A04}.Release|iPhoneSimulator.ActiveCfg = Release|x86
		{52FC48A3-251B-4DC1-96EA-516A46384A04}.Release|iPhoneSimulator.Build.0 = Release|x86
		{52FC48A3-251B-4DC1-96EA-516A46384A04}.Release|iPhoneSimulator.Deploy.0 = Release|x86
		{52FC48A3-251B-4DC1-96EA-516A46384A04}.Release|x64.ActiveCfg = Release|x64
		{52FC48A3-251B-4DC1-96EA-516A46384A04}.Release|x64.Build.0 = Release|x64
		{52FC48A3-251B-4DC1-96EA-516A46384A04}.Release|x64.Deploy.0 = Release|x64
		{52FC48A3-251B-4DC1-96EA-516A46384A04}.Release|x86.ActiveCfg = Release|x86
		{52FC48A3-251B-4DC1-96EA-516A46384A04}.Release|x86.Build.0 = Release|x86
		{52FC48A3-251B-4DC1-96EA-516A46384A04}.Release|x86.Deploy.0 = Release|x86
		{C06C1682-1B01-4BA2-820E-09954F4BEA58}.Ad-Hoc|Any CPU.ActiveCfg = Debug|Any CPU
		{C06C1682-1B01-4BA2-820E-09954F4BEA58}.Ad-Hoc|Any CPU.Build.0 = Debug|Any CPU
		{C06C1682-1B01-4BA2-820E-09954F4BEA58}.Ad-Hoc|Any CPU.Deploy.0 = Debug|Any CPU
		{C06C1682-1B01-4BA2-820E-09954F4BEA58}.Ad-Hoc|ARM.ActiveCfg = Debug|Any CPU
		{C06C1682-1B01-4BA2-820E-09954F4BEA58}.Ad-Hoc|ARM.Build.0 = Debug|Any CPU
		{C06C1682-1B01-4BA2-820E-09954F4BEA58}.Ad-Hoc|ARM.Deploy.0 = Debug|Any CPU
		{C06C1682-1B01-4BA2-820E-09954F4BEA58}.Ad-Hoc|iPhone.ActiveCfg = Debug|Any CPU
		{C06C1682-1B01-4BA2-820E-09954F4BEA58}.Ad-Hoc|iPhone.Build.0 = Debug|Any CPU
		{C06C1682-1B01-4BA2-820E-09954F4BEA58}.Ad-Hoc|iPhone.Deploy.0 = Debug|Any CPU
		{C06C1682-1B01-4BA2-820E-09954F4BEA58}.Ad-Hoc|iPhoneSimulator.ActiveCfg = Debug|Any CPU
		{C06C1682-1B01-4BA2-820E-09954F4BEA58}.Ad-Hoc|iPhoneSimulator.Build.0 = Debug|Any CPU
		{C06C1682-1B01-4BA2-820E-09954F4BEA58}.Ad-Hoc|iPhoneSimulator.Deploy.0 = Debug|Any CPU
		{C06C1682-1B01-4BA2-820E-09954F4BEA58}.Ad-Hoc|x64.ActiveCfg = Debug|Any CPU
		{C06C1682-1B01-4BA2-820E-09954F4BEA58}.Ad-Hoc|x64.Build.0 = Debug|Any CPU
		{C06C1682-1B01-4BA2-820E-09954F4BEA58}.Ad-Hoc|x64.Deploy.0 = Debug|Any CPU
		{C06C1682-1B01-4BA2-820E-09954F4BEA58}.Ad-Hoc|x86.ActiveCfg = Debug|Any CPU
		{C06C1682-1B01-4BA2-820E-09954F4BEA58}.Ad-Hoc|x86.Build.0 = Debug|Any CPU
		{C06C1682-1B01-4BA2-820E-09954F4BEA58}.Ad-Hoc|x86.Deploy.0 = Debug|Any CPU
		{C06C1682-1B01-4BA2-820E-09954F4BEA58}.AppStore|Any CPU.ActiveCfg = Debug|Any CPU
		{C06C1682-1B01-4BA2-820E-09954F4BEA58}.AppStore|Any CPU.Build.0 = Debug|Any CPU
		{C06C1682-1B01-4BA2-820E-09954F4BEA58}.AppStore|Any CPU.Deploy.0 = Debug|Any CPU
		{C06C1682-1B01-4BA2-820E-09954F4BEA58}.AppStore|ARM.ActiveCfg = Debug|Any CPU
		{C06C1682-1B01-4BA2-820E-09954F4BEA58}.AppStore|ARM.Build.0 = Debug|Any CPU
		{C06C1682-1B01-4BA2-820E-09954F4BEA58}.AppStore|ARM.Deploy.0 = Debug|Any CPU
		{C06C1682-1B01-4BA2-820E-09954F4BEA58}.AppStore|iPhone.ActiveCfg = Debug|Any CPU
		{C06C1682-1B01-4BA2-820E-09954F4BEA58}.AppStore|iPhone.Build.0 = Debug|Any CPU
		{C06C1682-1B01-4BA2-820E-09954F4BEA58}.AppStore|iPhone.Deploy.0 = Debug|Any CPU
		{C06C1682-1B01-4BA2-820E-09954F4BEA58}.AppStore|iPhoneSimulator.ActiveCfg = Debug|Any CPU
		{C06C1682-1B01-4BA2-820E-09954F4BEA58}.AppStore|iPhoneSimulator.Build.0 = Debug|Any CPU
		{C06C1682-1B01-4BA2-820E-09954F4BEA58}.AppStore|iPhoneSimulator.Deploy.0 = Debug|Any CPU
		{C06C1682-1B01-4BA2-820E-09954F4BEA58}.AppStore|x64.ActiveCfg = Debug|Any CPU
		{C06C1682-1B01-4BA2-820E-09954F4BEA58}.AppStore|x64.Build.0 = Debug|Any CPU
		{C06C1682-1B01-4BA2-820E-09954F4BEA58}.AppStore|x64.Deploy.0 = Debug|Any CPU
		{C06C1682-1B01-4BA2-820E-09954F4BEA58}.AppStore|x86.ActiveCfg = Debug|Any CPU
		{C06C1682-1B01-4BA2-820E-09954F4BEA58}.AppStore|x86.Build.0 = Debug|Any CPU
		{C06C1682-1B01-4BA2-820E-09954F4BEA58}.AppStore|x86.Deploy.0 = Debug|Any CPU
		{C06C1682-1B01-4BA2-820E-09954F4BEA58}.Debug|Any CPU.ActiveCfg = Debug|Any CPU
		{C06C1682-1B01-4BA2-820E-09954F4BEA58}.Debug|Any CPU.Build.0 = Debug|Any CPU
		{C06C1682-1B01-4BA2-820E-09954F4BEA58}.Debug|Any CPU.Deploy.0 = Debug|Any CPU
		{C06C1682-1B01-4BA2-820E-09954F4BEA58}.Debug|ARM.ActiveCfg = Debug|Any CPU
		{C06C1682-1B01-4BA2-820E-09954F4BEA58}.Debug|ARM.Build.0 = Debug|Any CPU
		{C06C1682-1B01-4BA2-820E-09954F4BEA58}.Debug|ARM.Deploy.0 = Debug|Any CPU
		{C06C1682-1B01-4BA2-820E-09954F4BEA58}.Debug|iPhone.ActiveCfg = Debug|Any CPU
		{C06C1682-1B01-4BA2-820E-09954F4BEA58}.Debug|iPhone.Build.0 = Debug|Any CPU
		{C06C1682-1B01-4BA2-820E-09954F4BEA58}.Debug|iPhone.Deploy.0 = Debug|Any CPU
		{C06C1682-1B01-4BA2-820E-09954F4BEA58}.Debug|iPhoneSimulator.ActiveCfg = Debug|Any CPU
		{C06C1682-1B01-4BA2-820E-09954F4BEA58}.Debug|iPhoneSimulator.Build.0 = Debug|Any CPU
		{C06C1682-1B01-4BA2-820E-09954F4BEA58}.Debug|iPhoneSimulator.Deploy.0 = Debug|Any CPU
		{C06C1682-1B01-4BA2-820E-09954F4BEA58}.Debug|x64.ActiveCfg = Debug|Any CPU
		{C06C1682-1B01-4BA2-820E-09954F4BEA58}.Debug|x64.Build.0 = Debug|Any CPU
		{C06C1682-1B01-4BA2-820E-09954F4BEA58}.Debug|x64.Deploy.0 = Debug|Any CPU
		{C06C1682-1B01-4BA2-820E-09954F4BEA58}.Debug|x86.ActiveCfg = Debug|Any CPU
		{C06C1682-1B01-4BA2-820E-09954F4BEA58}.Debug|x86.Build.0 = Debug|Any CPU
		{C06C1682-1B01-4BA2-820E-09954F4BEA58}.Debug|x86.Deploy.0 = Debug|Any CPU
		{C06C1682-1B01-4BA2-820E-09954F4BEA58}.Release|Any CPU.ActiveCfg = Release|Any CPU
		{C06C1682-1B01-4BA2-820E-09954F4BEA58}.Release|Any CPU.Build.0 = Release|Any CPU
		{C06C1682-1B01-4BA2-820E-09954F4BEA58}.Release|Any CPU.Deploy.0 = Release|Any CPU
		{C06C1682-1B01-4BA2-820E-09954F4BEA58}.Release|ARM.ActiveCfg = Release|Any CPU
		{C06C1682-1B01-4BA2-820E-09954F4BEA58}.Release|ARM.Build.0 = Release|Any CPU
		{C06C1682-1B01-4BA2-820E-09954F4BEA58}.Release|ARM.Deploy.0 = Release|Any CPU
		{C06C1682-1B01-4BA2-820E-09954F4BEA58}.Release|iPhone.ActiveCfg = Release|Any CPU
		{C06C1682-1B01-4BA2-820E-09954F4BEA58}.Release|iPhone.Build.0 = Release|Any CPU
		{C06C1682-1B01-4BA2-820E-09954F4BEA58}.Release|iPhone.Deploy.0 = Release|Any CPU
		{C06C1682-1B01-4BA2-820E-09954F4BEA58}.Release|iPhoneSimulator.ActiveCfg = Release|Any CPU
		{C06C1682-1B01-4BA2-820E-09954F4BEA58}.Release|iPhoneSimulator.Build.0 = Release|Any CPU
		{C06C1682-1B01-4BA2-820E-09954F4BEA58}.Release|iPhoneSimulator.Deploy.0 = Release|Any CPU
		{C06C1682-1B01-4BA2-820E-09954F4BEA58}.Release|x64.ActiveCfg = Release|Any CPU
		{C06C1682-1B01-4BA2-820E-09954F4BEA58}.Release|x64.Build.0 = Release|Any CPU
		{C06C1682-1B01-4BA2-820E-09954F4BEA58}.Release|x64.Deploy.0 = Release|Any CPU
		{C06C1682-1B01-4BA2-820E-09954F4BEA58}.Release|x86.ActiveCfg = Release|Any CPU
		{C06C1682-1B01-4BA2-820E-09954F4BEA58}.Release|x86.Build.0 = Release|Any CPU
		{C06C1682-1B01-4BA2-820E-09954F4BEA58}.Release|x86.Deploy.0 = Release|Any CPU
	EndGlobalSection
	GlobalSection(SolutionProperties) = preSolution
		HideSolutionNode = FALSE
	EndGlobalSection
	GlobalSection(ExtensibilityGlobals) = postSolution
		SolutionGuid = {BF7BC6D3-3269-4590-B477-97598CF69089}
	EndGlobalSection
EndGlobal
